
Microsoft Visual Studio Solution File, Format Version 12.00
# Visual Studio Version 17
VisualStudioVersion = 17.8.34330.188
MinimumVisualStudioVersion = 10.0.40219.1
Project("{9A19103F-16F7-4668-BE54-9A1E7A4F7556}") = "Stock_Trading_App_WPF", "Stock_Trading_App_WPF\Stock_Trading_App_WPF.csproj", "{C96E2789-E0D6-44FF-A01A-AD094EDC2253}"
EndProject
Project("{FAE04EC0-301F-11D3-BF4B-00C04F79EFBC}") = "DataLayer", "DataLayer\DataLayer.csproj", "{F1459EF1-0CE4-4821-A694-B489F2A38F85}"
EndProject
Global
	GlobalSection(SolutionConfigurationPlatforms) = preSolution
		Debug|Any CPU = Debug|Any CPU
		Release|Any CPU = Release|Any CPU
	EndGlobalSection
	GlobalSection(ProjectConfigurationPlatforms) = postSolution
		{C96E2789-E0D6-44FF-A01A-AD094EDC2253}.Debug|Any CPU.ActiveCfg = Debug|Any CPU
		{C96E2789-E0D6-44FF-A01A-AD094EDC2253}.Debug|Any CPU.Build.0 = Debug|Any CPU
		{C96E2789-E0D6-44FF-A01A-AD094EDC2253}.Release|Any CPU.ActiveCfg = Release|Any CPU
		{C96E2789-E0D6-44FF-A01A-AD094EDC2253}.Release|Any CPU.Build.0 = Release|Any CPU
		{F1459EF1-0CE4-4821-A694-B489F2A38F85}.Debug|Any CPU.ActiveCfg = Debug|Any CPU
		{F1459EF1-0CE4-4821-A694-B489F2A38F85}.Debug|Any CPU.Build.0 = Debug|Any CPU
		{F1459EF1-0CE4-4821-A694-B489F2A38F85}.Release|Any CPU.ActiveCfg = Release|Any CPU
		{F1459EF1-0CE4-4821-A694-B489F2A38F85}.Release|Any CPU.Build.0 = Release|Any CPU
	EndGlobalSection
	GlobalSection(SolutionProperties) = preSolution
		HideSolutionNode = FALSE
	EndGlobalSection
	GlobalSection(ExtensibilityGlobals) = postSolution
		SolutionGuid = {E68D7201-0D46-4B2D-8F67-14CA4F9C7243}
	EndGlobalSection
EndGlobal
